
Microsoft Visual Studio Solution File, Format Version 12.00
# Visual Studio Version 17
VisualStudioVersion = 17.13.35931.197 d17.13
MinimumVisualStudioVersion = 10.0.40219.1
Project("{FAE04EC0-301F-11D3-BF4B-00C04F79EFBC}") = "InternPulse4", "InternPulse4.csproj", "{450A9FEC-7C2F-46AC-9533-B380246C428F}"
EndProject
Global
	GlobalSection(SolutionConfigurationPlatforms) = preSolution
		Debug|Any CPU = Debug|Any CPU
		Release|Any CPU = Release|Any CPU
	EndGlobalSection
	GlobalSection(ProjectConfigurationPlatforms) = postSolution
		{450A9FEC-7C2F-46AC-9533-B380246C428F}.Debug|Any CPU.ActiveCfg = Debug|Any CPU
		{450A9FEC-7C2F-46AC-9533-B380246C428F}.Debug|Any CPU.Build.0 = Debug|Any CPU
		{450A9FEC-7C2F-46AC-9533-B380246C428F}.Release|Any CPU.ActiveCfg = Release|Any CPU
		{450A9FEC-7C2F-46AC-9533-B380246C428F}.Release|Any CPU.Build.0 = Release|Any CPU
	EndGlobalSection
	GlobalSection(SolutionProperties) = preSolution
		HideSolutionNode = FALSE
	EndGlobalSection
	GlobalSection(ExtensibilityGlobals) = postSolution
		SolutionGuid = {76F4B7E7-34DF-41F2-8AFB-4FD6671A55C4}
	EndGlobalSection
EndGlobal
